
Microsoft Visual Studio Solution File, Format Version 11.00
# Visual C# Express 2010
Project("{FAE04EC0-301F-11D3-BF4B-00C04F79EFBC}") = "egtb_probe", "egtb_probe.csproj", "{60E19438-BF70-448B-8BE4-A51DA4F9FE26}"
EndProject
Project("{FAE04EC0-301F-11D3-BF4B-00C04F79EFBC}") = "egtb", "..\egtb\egtb.csproj", "{7C0D287F-7A70-4420-B968-A8284A1E6994}"
EndProject
Project("{FAE04EC0-301F-11D3-BF4B-00C04F79EFBC}") = "pwned_common", "..\pwned_common\pwned_common.csproj", "{CEC94863-A1B7-4D52-AEB5-9D8E387A1155}"
EndProject
Project("{FAE04EC0-301F-11D3-BF4B-00C04F79EFBC}") = "LZMA", "..\LZMA\LZMA.csproj", "{04A7E605-70BC-4A97-8F56-00A3F59BCC1D}"
EndProject
Global
	GlobalSection(SolutionConfigurationPlatforms) = preSolution
		Debug|Any CPU = Debug|Any CPU
		Debug|Mixed Platforms = Debug|Mixed Platforms
		Debug|x86 = Debug|x86
		Release|Any CPU = Release|Any CPU
		Release|Mixed Platforms = Release|Mixed Platforms
		Release|x86 = Release|x86
	EndGlobalSection
	GlobalSection(ProjectConfigurationPlatforms) = postSolution
		{60E19438-BF70-448B-8BE4-A51DA4F9FE26}.Debug|Any CPU.ActiveCfg = Debug|x86
		{60E19438-BF70-448B-8BE4-A51DA4F9FE26}.Debug|Any CPU.Build.0 = Debug|x86
		{60E19438-BF70-448B-8BE4-A51DA4F9FE26}.Debug|Mixed Platforms.ActiveCfg = Debug|x86
		{60E19438-BF70-448B-8BE4-A51DA4F9FE26}.Debug|Mixed Platforms.Build.0 = Debug|x86
		{60E19438-BF70-448B-8BE4-A51DA4F9FE26}.Debug|x86.ActiveCfg = Debug|x86
		{60E19438-BF70-448B-8BE4-A51DA4F9FE26}.Debug|x86.Build.0 = Debug|x86
		{60E19438-BF70-448B-8BE4-A51DA4F9FE26}.Release|Any CPU.ActiveCfg = Release|x86
		{60E19438-BF70-448B-8BE4-A51DA4F9FE26}.Release|Mixed Platforms.ActiveCfg = Release|x86
		{60E19438-BF70-448B-8BE4-A51DA4F9FE26}.Release|Mixed Platforms.Build.0 = Release|x86
		{60E19438-BF70-448B-8BE4-A51DA4F9FE26}.Release|x86.ActiveCfg = Release|x86
		{60E19438-BF70-448B-8BE4-A51DA4F9FE26}.Release|x86.Build.0 = Release|x86
		{7C0D287F-7A70-4420-B968-A8284A1E6994}.Debug|Any CPU.ActiveCfg = Debug|Any CPU
		{7C0D287F-7A70-4420-B968-A8284A1E6994}.Debug|Any CPU.Build.0 = Debug|Any CPU
		{7C0D287F-7A70-4420-B968-A8284A1E6994}.Debug|Mixed Platforms.ActiveCfg = Debug|Any CPU
		{7C0D287F-7A70-4420-B968-A8284A1E6994}.Debug|Mixed Platforms.Build.0 = Debug|Any CPU
		{7C0D287F-7A70-4420-B968-A8284A1E6994}.Debug|x86.ActiveCfg = Debug|Any CPU
		{7C0D287F-7A70-4420-B968-A8284A1E6994}.Release|Any CPU.ActiveCfg = Release|Any CPU
		{7C0D287F-7A70-4420-B968-A8284A1E6994}.Release|Any CPU.Build.0 = Release|Any CPU
		{7C0D287F-7A70-4420-B968-A8284A1E6994}.Release|Mixed Platforms.ActiveCfg = Release|Any CPU
		{7C0D287F-7A70-4420-B968-A8284A1E6994}.Release|Mixed Platforms.Build.0 = Release|Any CPU
		{7C0D287F-7A70-4420-B968-A8284A1E6994}.Release|x86.ActiveCfg = Release|Any CPU
		{CEC94863-A1B7-4D52-AEB5-9D8E387A1155}.Debug|Any CPU.ActiveCfg = Debug|Any CPU
		{CEC94863-A1B7-4D52-AEB5-9D8E387A1155}.Debug|Any CPU.Build.0 = Debug|Any CPU
		{CEC94863-A1B7-4D52-AEB5-9D8E387A1155}.Debug|Mixed Platforms.ActiveCfg = Debug|Any CPU
		{CEC94863-A1B7-4D52-AEB5-9D8E387A1155}.Debug|Mixed Platforms.Build.0 = Debug|Any CPU
		{CEC94863-A1B7-4D52-AEB5-9D8E387A1155}.Debug|x86.ActiveCfg = Debug|Any CPU
		{CEC94863-A1B7-4D52-AEB5-9D8E387A1155}.Release|Any CPU.ActiveCfg = Release|Any CPU
		{CEC94863-A1B7-4D52-AEB5-9D8E387A1155}.Release|Any CPU.Build.0 = Release|Any CPU
		{CEC94863-A1B7-4D52-AEB5-9D8E387A1155}.Release|Mixed Platforms.ActiveCfg = Release|Any CPU
		{CEC94863-A1B7-4D52-AEB5-9D8E387A1155}.Release|Mixed Platforms.Build.0 = Release|Any CPU
		{CEC94863-A1B7-4D52-AEB5-9D8E387A1155}.Release|x86.ActiveCfg = Release|Any CPU
		{04A7E605-70BC-4A97-8F56-00A3F59BCC1D}.Debug|Any CPU.ActiveCfg = Debug|Any CPU
		{04A7E605-70BC-4A97-8F56-00A3F59BCC1D}.Debug|Any CPU.Build.0 = Debug|Any CPU
		{04A7E605-70BC-4A97-8F56-00A3F59BCC1D}.Debug|Mixed Platforms.ActiveCfg = Debug|Any CPU
		{04A7E605-70BC-4A97-8F56-00A3F59BCC1D}.Debug|Mixed Platforms.Build.0 = Debug|Any CPU
		{04A7E605-70BC-4A97-8F56-00A3F59BCC1D}.Debug|x86.ActiveCfg = Debug|Any CPU
		{04A7E605-70BC-4A97-8F56-00A3F59BCC1D}.Release|Any CPU.ActiveCfg = Release|Any CPU
		{04A7E605-70BC-4A97-8F56-00A3F59BCC1D}.Release|Any CPU.Build.0 = Release|Any CPU
		{04A7E605-70BC-4A97-8F56-00A3F59BCC1D}.Release|Mixed Platforms.ActiveCfg = Release|Any CPU
		{04A7E605-70BC-4A97-8F56-00A3F59BCC1D}.Release|Mixed Platforms.Build.0 = Release|Any CPU
		{04A7E605-70BC-4A97-8F56-00A3F59BCC1D}.Release|x86.ActiveCfg = Release|Any CPU
	EndGlobalSection
	GlobalSection(SolutionProperties) = preSolution
		HideSolutionNode = FALSE
	EndGlobalSection
EndGlobal
